
Microsoft Visual Studio Solution File, Format Version 12.00
# Visual Studio Version 17
VisualStudioVersion = 17.5.33424.131
MinimumVisualStudioVersion = 10.0.40219.1
Project("{FAE04EC0-301F-11D3-BF4B-00C04F79EFBC}") = "v0511", "v0511\v0511.csproj", "{01AD81EA-26AF-45C4-A91A-BB358DBF856F}"
EndProject
Global
	GlobalSection(SolutionConfigurationPlatforms) = preSolution
		Debug|Any CPU = Debug|Any CPU
		Release|Any CPU = Release|Any CPU
	EndGlobalSection
	GlobalSection(ProjectConfigurationPlatforms) = postSolution
		{01AD81EA-26AF-45C4-A91A-BB358DBF856F}.Debug|Any CPU.ActiveCfg = Debug|Any CPU
		{01AD81EA-26AF-45C4-A91A-BB358DBF856F}.Debug|Any CPU.Build.0 = Debug|Any CPU
		{01AD81EA-26AF-45C4-A91A-BB358DBF856F}.Release|Any CPU.ActiveCfg = Release|Any CPU
		{01AD81EA-26AF-45C4-A91A-BB358DBF856F}.Release|Any CPU.Build.0 = Release|Any CPU
	EndGlobalSection
	GlobalSection(SolutionProperties) = preSolution
		HideSolutionNode = FALSE
	EndGlobalSection
	GlobalSection(ExtensibilityGlobals) = postSolution
		SolutionGuid = {81634B46-BF6F-4E4E-8F13-ED1DB545F0CB}
	EndGlobalSection
EndGlobal
